
Microsoft Visual Studio Solution File, Format Version 12.00
# Visual Studio Version 17
VisualStudioVersion = 17.5.33516.290
MinimumVisualStudioVersion = 10.0.40219.1
Project("{9A19103F-16F7-4668-BE54-9A1E7A4F7556}") = "ComicApiGrpc", "src\Api\ComicApiGrpc.csproj", "{2E542D61-5DAB-4F2F-A709-A84265006625}"
EndProject
Project("{9A19103F-16F7-4668-BE54-9A1E7A4F7556}") = "ComicsProvider", "src\ComicsProvider\ComicsProvider.csproj", "{8520C7D7-D4EC-41ED-BBCE-A3C703FD9EF3}"
EndProject
Global
	GlobalSection(SolutionConfigurationPlatforms) = preSolution
		Debug|Any CPU = Debug|Any CPU
		Release|Any CPU = Release|Any CPU
	EndGlobalSection
	GlobalSection(ProjectConfigurationPlatforms) = postSolution
		{2E542D61-5DAB-4F2F-A709-A84265006625}.Debug|Any CPU.ActiveCfg = Debug|Any CPU
		{2E542D61-5DAB-4F2F-A709-A84265006625}.Debug|Any CPU.Build.0 = Debug|Any CPU
		{2E542D61-5DAB-4F2F-A709-A84265006625}.Release|Any CPU.ActiveCfg = Release|Any CPU
		{2E542D61-5DAB-4F2F-A709-A84265006625}.Release|Any CPU.Build.0 = Release|Any CPU
		{8520C7D7-D4EC-41ED-BBCE-A3C703FD9EF3}.Debug|Any CPU.ActiveCfg = Debug|Any CPU
		{8520C7D7-D4EC-41ED-BBCE-A3C703FD9EF3}.Debug|Any CPU.Build.0 = Debug|Any CPU
		{8520C7D7-D4EC-41ED-BBCE-A3C703FD9EF3}.Release|Any CPU.ActiveCfg = Release|Any CPU
		{8520C7D7-D4EC-41ED-BBCE-A3C703FD9EF3}.Release|Any CPU.Build.0 = Release|Any CPU
	EndGlobalSection
	GlobalSection(SolutionProperties) = preSolution
		HideSolutionNode = FALSE
	EndGlobalSection
	GlobalSection(ExtensibilityGlobals) = postSolution
		SolutionGuid = {5B20D8A4-1EA9-415E-B222-45995D85EA49}
	EndGlobalSection
EndGlobal
