
Microsoft Visual Studio Solution File, Format Version 12.00
Project("{FAE04EC0-301F-11D3-BF4B-00C04F79EFBC}") = "ComicsProvider", "src\ComicsProvider\ComicsProvider.csproj", "{81D48369-E2F4-4871-BBCA-BC82544A275E}"
EndProject
Project("{FAE04EC0-301F-11D3-BF4B-00C04F79EFBC}") = "ComicApiGrpc", "src\Api\ComicApiGrpc.csproj", "{CE05B03D-8541-48E7-8888-2B80D5F32B5C}"
EndProject
Global
	GlobalSection(SolutionConfigurationPlatforms) = preSolution
		Debug|Any CPU = Debug|Any CPU
		Release|Any CPU = Release|Any CPU
	EndGlobalSection
	GlobalSection(ProjectConfigurationPlatforms) = postSolution
		{81D48369-E2F4-4871-BBCA-BC82544A275E}.Debug|Any CPU.ActiveCfg = Debug|Any CPU
		{81D48369-E2F4-4871-BBCA-BC82544A275E}.Debug|Any CPU.Build.0 = Debug|Any CPU
		{81D48369-E2F4-4871-BBCA-BC82544A275E}.Release|Any CPU.ActiveCfg = Release|Any CPU
		{81D48369-E2F4-4871-BBCA-BC82544A275E}.Release|Any CPU.Build.0 = Release|Any CPU
		{CE05B03D-8541-48E7-8888-2B80D5F32B5C}.Debug|Any CPU.ActiveCfg = Debug|Any CPU
		{CE05B03D-8541-48E7-8888-2B80D5F32B5C}.Debug|Any CPU.Build.0 = Debug|Any CPU
		{CE05B03D-8541-48E7-8888-2B80D5F32B5C}.Release|Any CPU.ActiveCfg = Release|Any CPU
		{CE05B03D-8541-48E7-8888-2B80D5F32B5C}.Release|Any CPU.Build.0 = Release|Any CPU
	EndGlobalSection
EndGlobal

